
Microsoft Visual Studio Solution File, Format Version 12.00
# Visual Studio Version 17
VisualStudioVersion = 17.1.32328.378
MinimumVisualStudioVersion = 10.0.40219.1
Project("{FAE04EC0-301F-11D3-BF4B-00C04F79EFBC}") = "AppWPF", "AppWPF.csproj", "{5818B1A3-0A8B-4465-BAE4-C7FD4A74E75C}"
EndProject
Global
	GlobalSection(SolutionConfigurationPlatforms) = preSolution
		Debug|Any CPU = Debug|Any CPU
		Release|Any CPU = Release|Any CPU
	EndGlobalSection
	GlobalSection(ProjectConfigurationPlatforms) = postSolution
		{5818B1A3-0A8B-4465-BAE4-C7FD4A74E75C}.Debug|Any CPU.ActiveCfg = Debug|Any CPU
		{5818B1A3-0A8B-4465-BAE4-C7FD4A74E75C}.Debug|Any CPU.Build.0 = Debug|Any CPU
		{5818B1A3-0A8B-4465-BAE4-C7FD4A74E75C}.Release|Any CPU.ActiveCfg = Release|Any CPU
		{5818B1A3-0A8B-4465-BAE4-C7FD4A74E75C}.Release|Any CPU.Build.0 = Release|Any CPU
	EndGlobalSection
	GlobalSection(SolutionProperties) = preSolution
		HideSolutionNode = FALSE
	EndGlobalSection
	GlobalSection(ExtensibilityGlobals) = postSolution
		SolutionGuid = {7E487489-E9D9-4F41-A9A0-086486D13054}
	EndGlobalSection
EndGlobal
